
Microsoft Visual Studio Solution File, Format Version 12.00
# Visual Studio 14
VisualStudioVersion = 14.0.23107.0
MinimumVisualStudioVersion = 10.0.40219.1
Project("{2150E333-8FDC-42A3-9474-1A3956D46DE8}") = "Ejemplo", "Ejemplo", "{940BA363-D6C3-4811-8A11-8B90335555C8}"
EndProject
Project("{2150E333-8FDC-42A3-9474-1A3956D46DE8}") = "Ejercicios", "Ejercicios", "{42558F86-9C58-462A-96E3-A0156CDE478A}"
EndProject
Project("{2150E333-8FDC-42A3-9474-1A3956D46DE8}") = "PruebasMias", "PruebasMias", "{F0B1657D-8207-4F02-B8C0-40262AF87A7D}"
EndProject
Project("{2150E333-8FDC-42A3-9474-1A3956D46DE8}") = "Unidad1", "Unidad1", "{BA76078F-B133-489C-BF20-5066B87591D5}"
EndProject
Project("{8BC9CEB8-8B4A-11D0-8D11-00A0C91BC942}") = "SarreraIrteeraMain", "Ejemplos\EjemplosUnidad1\SarreraIrteeraMain\SarreraIrteeraMain.vcxproj", "{C53BA439-5F64-45F4-A903-DB7940093392}"
EndProject
Project("{8BC9CEB8-8B4A-11D0-8D11-00A0C91BC942}") = "If", "Ejemplos\EjemplosUnidad1\If\If.vcxproj", "{DE14B652-7705-47F5-88B2-F3C8A22EF078}"
EndProject
Project("{8BC9CEB8-8B4A-11D0-8D11-00A0C91BC942}") = "03", "Ejemplos\EjemplosUnidad1\03\03.vcxproj", "{094BE062-FC76-4A90-922A-E2B62513FE20}"
EndProject
Project("{8BC9CEB8-8B4A-11D0-8D11-00A0C91BC942}") = "04", "Ejemplos\EjemplosUnidad1\04\04.vcxproj", "{1970DFA9-23DF-40A0-8EA1-AD9AB463A982}"
EndProject
Project("{8BC9CEB8-8B4A-11D0-8D11-00A0C91BC942}") = "05", "Ejemplos\EjemplosUnidad1\05\05.vcxproj", "{21062B7F-941E-485F-A3A7-C8E258698E76}"
EndProject
Project("{8BC9CEB8-8B4A-11D0-8D11-00A0C91BC942}") = "06", "Ejemplos\EjemplosUnidad1\06\06.vcxproj", "{FC803E45-A157-4892-B599-3C75DD2F9219}"
EndProject
Project("{8BC9CEB8-8B4A-11D0-8D11-00A0C91BC942}") = "07", "Ejemplos\EjemplosUnidad1\07\07.vcxproj", "{4E5B0C1E-03BC-4530-B51E-4AFA4864EC3B}"
EndProject
Project("{8BC9CEB8-8B4A-11D0-8D11-00A0C91BC942}") = "10", "Ejemplos\EjemplosUnidad1\10\10.vcxproj", "{D00BDCE5-C3BD-486B-8C3D-47635480CE45}"
EndProject
Project("{8BC9CEB8-8B4A-11D0-8D11-00A0C91BC942}") = "11", "Ejemplos\EjemplosUnidad1\11\11.vcxproj", "{D56D043B-8285-4FFE-85EA-E2558FE1D923}"
EndProject
Project("{8BC9CEB8-8B4A-11D0-8D11-00A0C91BC942}") = "12", "Ejemplos\EjemplosUnidad1\12\12.vcxproj", "{2F7CC182-7CF3-41C4-913E-19DBD6768881}"
EndProject
Project("{8BC9CEB8-8B4A-11D0-8D11-00A0C91BC942}") = "20", "Ejemplos\EjemplosUnidad1\20\20.vcxproj", "{6BA600C7-58C2-48B7-9276-0C06C10163B1}"
EndProject
Project("{8BC9CEB8-8B4A-11D0-8D11-00A0C91BC942}") = "21", "Ejemplos\EjemplosUnidad1\21\21.vcxproj", "{38AE0219-550C-48FD-B4D7-C106C1FD925A}"
EndProject
Project("{8BC9CEB8-8B4A-11D0-8D11-00A0C91BC942}") = "22", "Ejemplos\EjemplosUnidad1\22\22.vcxproj", "{35EC0B4A-85B8-407D-9131-672C15D22D08}"
EndProject
Project("{8BC9CEB8-8B4A-11D0-8D11-00A0C91BC942}") = "30", "Ejemplos\EjemplosUnidad1\30\30.vcxproj", "{DD2ABFF3-546E-4E48-8368-CA5B74E33827}"
EndProject
Project("{8BC9CEB8-8B4A-11D0-8D11-00A0C91BC942}") = "31", "Ejemplos\EjemplosUnidad1\31\31.vcxproj", "{AECC0374-6300-4239-A2A4-33B5C9CF2404}"
EndProject
Project("{8BC9CEB8-8B4A-11D0-8D11-00A0C91BC942}") = "40", "Ejemplos\EjemplosUnidad1\40\40.vcxproj", "{01942739-3506-4A86-8067-E79B2072F067}"
EndProject
Project("{8BC9CEB8-8B4A-11D0-8D11-00A0C91BC942}") = "otherFunctions22", "Ejemplos\EjemplosUnidad1\otherFunctions22\otherFunctions22.vcxproj", "{9ADAB5A9-6D08-41DA-B3B0-5116344F79FA}"
EndProject
Project("{2150E333-8FDC-42A3-9474-1A3956D46DE8}") = "EjerciciosUnidad1", "EjerciciosUnidad1", "{420B3C7E-162B-4BD5-A82F-9B88060F3D55}"
EndProject
Project("{8BC9CEB8-8B4A-11D0-8D11-00A0C91BC942}") = "Zkh", "Ejercicios\EjerciciosUnidad1\Zkh\Zkh.vcxproj", "{0F2AA7CD-E205-49AD-85B1-88D89335E1E7}"
EndProject
Project("{8BC9CEB8-8B4A-11D0-8D11-00A0C91BC942}") = "Mkt", "Ejercicios\EjerciciosUnidad1\Mkt\Mkt.vcxproj", "{4A519438-767F-45B6-95CA-0844DAB45918}"
EndProject
Project("{2150E333-8FDC-42A3-9474-1A3956D46DE8}") = "PruebasUnidad1", "PruebasUnidad1", "{A4B4B2FA-EA94-45E0-97C1-9509B4D85C1E}"
EndProject
Project("{8BC9CEB8-8B4A-11D0-8D11-00A0C91BC942}") = "JuegoNumeros", "Pruebas mias\PruebasUnidad1\JuegoNumeros\JuegoNumeros.vcxproj", "{CB010E1D-F724-414D-B299-DDA7A7C5ADDD}"
EndProject
Project("{8BC9CEB8-8B4A-11D0-8D11-00A0C91BC942}") = "JuegoNumeros2", "Pruebas mias\PruebasUnidad1\JuegoNumeros2\JuegoNumeros2.vcxproj", "{2A0276B9-7ED9-43FD-B6A7-D9789E7F2793}"
EndProject
Project("{8BC9CEB8-8B4A-11D0-8D11-00A0C91BC942}") = "Ordenar3Numeros", "Ejercicios\EjerciciosUnidad1\Ordenar3Numeros\Ordenar3Numeros.vcxproj", "{0A81BBEB-9A3E-4E4A-BB24-4D720AD4322C}"
EndProject
Project("{8BC9CEB8-8B4A-11D0-8D11-00A0C91BC942}") = "Ordenar3Numeros_02", "Ejercicios\EjerciciosUnidad1\Ordenar3Numeros_02\Ordenar3Numeros_02.vcxproj", "{F6EA797D-3ACF-4D56-AC8C-092AE09F13C0}"
EndProject
Project("{8BC9CEB8-8B4A-11D0-8D11-00A0C91BC942}") = "Asteriscos2D", "Ejercicios\EjerciciosUnidad1\Asteriscos2D\Asteriscos2D.vcxproj", "{C4A51114-03A8-4B31-B212-2E621A58F34C}"
EndProject
Project("{8BC9CEB8-8B4A-11D0-8D11-00A0C91BC942}") = "AsteriscosDibujo", "Ejercicios\EjerciciosUnidad1\AsteriscosDibujo\AsteriscosDibujo.vcxproj", "{1EA1E804-7BFE-4EF1-8CC0-079EFB3BBFDE}"
EndProject
Project("{8BC9CEB8-8B4A-11D0-8D11-00A0C91BC942}") = "AsteriscosPidamidal", "Ejercicios\EjerciciosUnidad1\AsteriscosPidamidal\AsteriscosPidamidal.vcxproj", "{927A7E45-8ABB-45EF-B8C5-2FE6B97F0331}"
EndProject
Project("{8BC9CEB8-8B4A-11D0-8D11-00A0C91BC942}") = "Fibonacci", "Ejercicios\EjerciciosUnidad1\Fibonacci\Fibonacci.vcxproj", "{0166661F-CED9-4A16-9321-50ECAA4DC13B}"
EndProject
Project("{8BC9CEB8-8B4A-11D0-8D11-00A0C91BC942}") = "Potencias", "Ejercicios\EjerciciosUnidad1\Potencias\Potencias.vcxproj", "{1FAE1FC6-1066-437C-B05B-D77C55885D75}"
EndProject
Project("{8BC9CEB8-8B4A-11D0-8D11-00A0C91BC942}") = "NumeroPrimo", "Ejercicios\EjerciciosUnidad1\NumeroPrimo\NumeroPrimo.vcxproj", "{CC5E4226-DCE1-4228-B7E0-8F7D9089419F}"
EndProject
Project("{8BC9CEB8-8B4A-11D0-8D11-00A0C91BC942}") = "NumeroKapikua", "Ejercicios\EjerciciosUnidad1\NumeroKapikua\NumeroKapikua.vcxproj", "{C501216F-2FF6-4E68-9639-30B01691408A}"
EndProject
Global
	GlobalSection(SolutionConfigurationPlatforms) = preSolution
		Debug|x64 = Debug|x64
		Debug|x86 = Debug|x86
		Release|x64 = Release|x64
		Release|x86 = Release|x86
	EndGlobalSection
	GlobalSection(ProjectConfigurationPlatforms) = postSolution
		{C53BA439-5F64-45F4-A903-DB7940093392}.Debug|x64.ActiveCfg = Debug|x64
		{C53BA439-5F64-45F4-A903-DB7940093392}.Debug|x64.Build.0 = Debug|x64
		{C53BA439-5F64-45F4-A903-DB7940093392}.Debug|x86.ActiveCfg = Debug|Win32
		{C53BA439-5F64-45F4-A903-DB7940093392}.Debug|x86.Build.0 = Debug|Win32
		{C53BA439-5F64-45F4-A903-DB7940093392}.Release|x64.ActiveCfg = Release|x64
		{C53BA439-5F64-45F4-A903-DB7940093392}.Release|x64.Build.0 = Release|x64
		{C53BA439-5F64-45F4-A903-DB7940093392}.Release|x86.ActiveCfg = Release|Win32
		{C53BA439-5F64-45F4-A903-DB7940093392}.Release|x86.Build.0 = Release|Win32
		{DE14B652-7705-47F5-88B2-F3C8A22EF078}.Debug|x64.ActiveCfg = Debug|x64
		{DE14B652-7705-47F5-88B2-F3C8A22EF078}.Debug|x64.Build.0 = Debug|x64
		{DE14B652-7705-47F5-88B2-F3C8A22EF078}.Debug|x86.ActiveCfg = Debug|Win32
		{DE14B652-7705-47F5-88B2-F3C8A22EF078}.Debug|x86.Build.0 = Debug|Win32
		{DE14B652-7705-47F5-88B2-F3C8A22EF078}.Release|x64.ActiveCfg = Release|x64
		{DE14B652-7705-47F5-88B2-F3C8A22EF078}.Release|x64.Build.0 = Release|x64
		{DE14B652-7705-47F5-88B2-F3C8A22EF078}.Release|x86.ActiveCfg = Release|Win32
		{DE14B652-7705-47F5-88B2-F3C8A22EF078}.Release|x86.Build.0 = Release|Win32
		{094BE062-FC76-4A90-922A-E2B62513FE20}.Debug|x64.ActiveCfg = Debug|x64
		{094BE062-FC76-4A90-922A-E2B62513FE20}.Debug|x64.Build.0 = Debug|x64
		{094BE062-FC76-4A90-922A-E2B62513FE20}.Debug|x86.ActiveCfg = Debug|Win32
		{094BE062-FC76-4A90-922A-E2B62513FE20}.Debug|x86.Build.0 = Debug|Win32
		{094BE062-FC76-4A90-922A-E2B62513FE20}.Release|x64.ActiveCfg = Release|x64
		{094BE062-FC76-4A90-922A-E2B62513FE20}.Release|x64.Build.0 = Release|x64
		{094BE062-FC76-4A90-922A-E2B62513FE20}.Release|x86.ActiveCfg = Release|Win32
		{094BE062-FC76-4A90-922A-E2B62513FE20}.Release|x86.Build.0 = Release|Win32
		{1970DFA9-23DF-40A0-8EA1-AD9AB463A982}.Debug|x64.ActiveCfg = Debug|x64
		{1970DFA9-23DF-40A0-8EA1-AD9AB463A982}.Debug|x64.Build.0 = Debug|x64
		{1970DFA9-23DF-40A0-8EA1-AD9AB463A982}.Debug|x86.ActiveCfg = Debug|Win32
		{1970DFA9-23DF-40A0-8EA1-AD9AB463A982}.Debug|x86.Build.0 = Debug|Win32
		{1970DFA9-23DF-40A0-8EA1-AD9AB463A982}.Release|x64.ActiveCfg = Release|x64
		{1970DFA9-23DF-40A0-8EA1-AD9AB463A982}.Release|x64.Build.0 = Release|x64
		{1970DFA9-23DF-40A0-8EA1-AD9AB463A982}.Release|x86.ActiveCfg = Release|Win32
		{1970DFA9-23DF-40A0-8EA1-AD9AB463A982}.Release|x86.Build.0 = Release|Win32
		{21062B7F-941E-485F-A3A7-C8E258698E76}.Debug|x64.ActiveCfg = Debug|x64
		{21062B7F-941E-485F-A3A7-C8E258698E76}.Debug|x64.Build.0 = Debug|x64
		{21062B7F-941E-485F-A3A7-C8E258698E76}.Debug|x86.ActiveCfg = Debug|Win32
		{21062B7F-941E-485F-A3A7-C8E258698E76}.Debug|x86.Build.0 = Debug|Win32
		{21062B7F-941E-485F-A3A7-C8E258698E76}.Release|x64.ActiveCfg = Release|x64
		{21062B7F-941E-485F-A3A7-C8E258698E76}.Release|x64.Build.0 = Release|x64
		{21062B7F-941E-485F-A3A7-C8E258698E76}.Release|x86.ActiveCfg = Release|Win32
		{21062B7F-941E-485F-A3A7-C8E258698E76}.Release|x86.Build.0 = Release|Win32
		{FC803E45-A157-4892-B599-3C75DD2F9219}.Debug|x64.ActiveCfg = Debug|x64
		{FC803E45-A157-4892-B599-3C75DD2F9219}.Debug|x64.Build.0 = Debug|x64
		{FC803E45-A157-4892-B599-3C75DD2F9219}.Debug|x86.ActiveCfg = Debug|Win32
		{FC803E45-A157-4892-B599-3C75DD2F9219}.Debug|x86.Build.0 = Debug|Win32
		{FC803E45-A157-4892-B599-3C75DD2F9219}.Release|x64.ActiveCfg = Release|x64
		{FC803E45-A157-4892-B599-3C75DD2F9219}.Release|x64.Build.0 = Release|x64
		{FC803E45-A157-4892-B599-3C75DD2F9219}.Release|x86.ActiveCfg = Release|Win32
		{FC803E45-A157-4892-B599-3C75DD2F9219}.Release|x86.Build.0 = Release|Win32
		{4E5B0C1E-03BC-4530-B51E-4AFA4864EC3B}.Debug|x64.ActiveCfg = Debug|x64
		{4E5B0C1E-03BC-4530-B51E-4AFA4864EC3B}.Debug|x64.Build.0 = Debug|x64
		{4E5B0C1E-03BC-4530-B51E-4AFA4864EC3B}.Debug|x86.ActiveCfg = Debug|Win32
		{4E5B0C1E-03BC-4530-B51E-4AFA4864EC3B}.Debug|x86.Build.0 = Debug|Win32
		{4E5B0C1E-03BC-4530-B51E-4AFA4864EC3B}.Release|x64.ActiveCfg = Release|x64
		{4E5B0C1E-03BC-4530-B51E-4AFA4864EC3B}.Release|x64.Build.0 = Release|x64
		{4E5B0C1E-03BC-4530-B51E-4AFA4864EC3B}.Release|x86.ActiveCfg = Release|Win32
		{4E5B0C1E-03BC-4530-B51E-4AFA4864EC3B}.Release|x86.Build.0 = Release|Win32
		{D00BDCE5-C3BD-486B-8C3D-47635480CE45}.Debug|x64.ActiveCfg = Debug|x64
		{D00BDCE5-C3BD-486B-8C3D-47635480CE45}.Debug|x64.Build.0 = Debug|x64
		{D00BDCE5-C3BD-486B-8C3D-47635480CE45}.Debug|x86.ActiveCfg = Debug|Win32
		{D00BDCE5-C3BD-486B-8C3D-47635480CE45}.Debug|x86.Build.0 = Debug|Win32
		{D00BDCE5-C3BD-486B-8C3D-47635480CE45}.Release|x64.ActiveCfg = Release|x64
		{D00BDCE5-C3BD-486B-8C3D-47635480CE45}.Release|x64.Build.0 = Release|x64
		{D00BDCE5-C3BD-486B-8C3D-47635480CE45}.Release|x86.ActiveCfg = Release|Win32
		{D00BDCE5-C3BD-486B-8C3D-47635480CE45}.Release|x86.Build.0 = Release|Win32
		{D56D043B-8285-4FFE-85EA-E2558FE1D923}.Debug|x64.ActiveCfg = Debug|x64
		{D56D043B-8285-4FFE-85EA-E2558FE1D923}.Debug|x64.Build.0 = Debug|x64
		{D56D043B-8285-4FFE-85EA-E2558FE1D923}.Debug|x86.ActiveCfg = Debug|Win32
		{D56D043B-8285-4FFE-85EA-E2558FE1D923}.Debug|x86.Build.0 = Debug|Win32
		{D56D043B-8285-4FFE-85EA-E2558FE1D923}.Release|x64.ActiveCfg = Release|x64
		{D56D043B-8285-4FFE-85EA-E2558FE1D923}.Release|x64.Build.0 = Release|x64
		{D56D043B-8285-4FFE-85EA-E2558FE1D923}.Release|x86.ActiveCfg = Release|Win32
		{D56D043B-8285-4FFE-85EA-E2558FE1D923}.Release|x86.Build.0 = Release|Win32
		{2F7CC182-7CF3-41C4-913E-19DBD6768881}.Debug|x64.ActiveCfg = Debug|x64
		{2F7CC182-7CF3-41C4-913E-19DBD6768881}.Debug|x64.Build.0 = Debug|x64
		{2F7CC182-7CF3-41C4-913E-19DBD6768881}.Debug|x86.ActiveCfg = Debug|Win32
		{2F7CC182-7CF3-41C4-913E-19DBD6768881}.Debug|x86.Build.0 = Debug|Win32
		{2F7CC182-7CF3-41C4-913E-19DBD6768881}.Release|x64.ActiveCfg = Release|x64
		{2F7CC182-7CF3-41C4-913E-19DBD6768881}.Release|x64.Build.0 = Release|x64
		{2F7CC182-7CF3-41C4-913E-19DBD6768881}.Release|x86.ActiveCfg = Release|Win32
		{2F7CC182-7CF3-41C4-913E-19DBD6768881}.Release|x86.Build.0 = Release|Win32
		{6BA600C7-58C2-48B7-9276-0C06C10163B1}.Debug|x64.ActiveCfg = Debug|x64
		{6BA600C7-58C2-48B7-9276-0C06C10163B1}.Debug|x64.Build.0 = Debug|x64
		{6BA600C7-58C2-48B7-9276-0C06C10163B1}.Debug|x86.ActiveCfg = Debug|Win32
		{6BA600C7-58C2-48B7-9276-0C06C10163B1}.Debug|x86.Build.0 = Debug|Win32
		{6BA600C7-58C2-48B7-9276-0C06C10163B1}.Release|x64.ActiveCfg = Release|x64
		{6BA600C7-58C2-48B7-9276-0C06C10163B1}.Release|x64.Build.0 = Release|x64
		{6BA600C7-58C2-48B7-9276-0C06C10163B1}.Release|x86.ActiveCfg = Release|Win32
		{6BA600C7-58C2-48B7-9276-0C06C10163B1}.Release|x86.Build.0 = Release|Win32
		{38AE0219-550C-48FD-B4D7-C106C1FD925A}.Debug|x64.ActiveCfg = Debug|x64
		{38AE0219-550C-48FD-B4D7-C106C1FD925A}.Debug|x64.Build.0 = Debug|x64
		{38AE0219-550C-48FD-B4D7-C106C1FD925A}.Debug|x86.ActiveCfg = Debug|Win32
		{38AE0219-550C-48FD-B4D7-C106C1FD925A}.Debug|x86.Build.0 = Debug|Win32
		{38AE0219-550C-48FD-B4D7-C106C1FD925A}.Release|x64.ActiveCfg = Release|x64
		{38AE0219-550C-48FD-B4D7-C106C1FD925A}.Release|x64.Build.0 = Release|x64
		{38AE0219-550C-48FD-B4D7-C106C1FD925A}.Release|x86.ActiveCfg = Release|Win32
		{38AE0219-550C-48FD-B4D7-C106C1FD925A}.Release|x86.Build.0 = Release|Win32
		{35EC0B4A-85B8-407D-9131-672C15D22D08}.Debug|x64.ActiveCfg = Debug|x64
		{35EC0B4A-85B8-407D-9131-672C15D22D08}.Debug|x64.Build.0 = Debug|x64
		{35EC0B4A-85B8-407D-9131-672C15D22D08}.Debug|x86.ActiveCfg = Debug|Win32
		{35EC0B4A-85B8-407D-9131-672C15D22D08}.Debug|x86.Build.0 = Debug|Win32
		{35EC0B4A-85B8-407D-9131-672C15D22D08}.Release|x64.ActiveCfg = Release|x64
		{35EC0B4A-85B8-407D-9131-672C15D22D08}.Release|x64.Build.0 = Release|x64
		{35EC0B4A-85B8-407D-9131-672C15D22D08}.Release|x86.ActiveCfg = Release|Win32
		{35EC0B4A-85B8-407D-9131-672C15D22D08}.Release|x86.Build.0 = Release|Win32
		{DD2ABFF3-546E-4E48-8368-CA5B74E33827}.Debug|x64.ActiveCfg = Debug|x64
		{DD2ABFF3-546E-4E48-8368-CA5B74E33827}.Debug|x64.Build.0 = Debug|x64
		{DD2ABFF3-546E-4E48-8368-CA5B74E33827}.Debug|x86.ActiveCfg = Debug|Win32
		{DD2ABFF3-546E-4E48-8368-CA5B74E33827}.Debug|x86.Build.0 = Debug|Win32
		{DD2ABFF3-546E-4E48-8368-CA5B74E33827}.Release|x64.ActiveCfg = Release|x64
		{DD2ABFF3-546E-4E48-8368-CA5B74E33827}.Release|x64.Build.0 = Release|x64
		{DD2ABFF3-546E-4E48-8368-CA5B74E33827}.Release|x86.ActiveCfg = Release|Win32
		{DD2ABFF3-546E-4E48-8368-CA5B74E33827}.Release|x86.Build.0 = Release|Win32
		{AECC0374-6300-4239-A2A4-33B5C9CF2404}.Debug|x64.ActiveCfg = Debug|x64
		{AECC0374-6300-4239-A2A4-33B5C9CF2404}.Debug|x64.Build.0 = Debug|x64
		{AECC0374-6300-4239-A2A4-33B5C9CF2404}.Debug|x86.ActiveCfg = Debug|Win32
		{AECC0374-6300-4239-A2A4-33B5C9CF2404}.Debug|x86.Build.0 = Debug|Win32
		{AECC0374-6300-4239-A2A4-33B5C9CF2404}.Release|x64.ActiveCfg = Release|x64
		{AECC0374-6300-4239-A2A4-33B5C9CF2404}.Release|x64.Build.0 = Release|x64
		{AECC0374-6300-4239-A2A4-33B5C9CF2404}.Release|x86.ActiveCfg = Release|Win32
		{AECC0374-6300-4239-A2A4-33B5C9CF2404}.Release|x86.Build.0 = Release|Win32
		{01942739-3506-4A86-8067-E79B2072F067}.Debug|x64.ActiveCfg = Debug|x64
		{01942739-3506-4A86-8067-E79B2072F067}.Debug|x64.Build.0 = Debug|x64
		{01942739-3506-4A86-8067-E79B2072F067}.Debug|x86.ActiveCfg = Debug|Win32
		{01942739-3506-4A86-8067-E79B2072F067}.Debug|x86.Build.0 = Debug|Win32
		{01942739-3506-4A86-8067-E79B2072F067}.Release|x64.ActiveCfg = Release|x64
		{01942739-3506-4A86-8067-E79B2072F067}.Release|x64.Build.0 = Release|x64
		{01942739-3506-4A86-8067-E79B2072F067}.Release|x86.ActiveCfg = Release|Win32
		{01942739-3506-4A86-8067-E79B2072F067}.Release|x86.Build.0 = Release|Win32
		{9ADAB5A9-6D08-41DA-B3B0-5116344F79FA}.Debug|x64.ActiveCfg = Debug|x64
		{9ADAB5A9-6D08-41DA-B3B0-5116344F79FA}.Debug|x64.Build.0 = Debug|x64
		{9ADAB5A9-6D08-41DA-B3B0-5116344F79FA}.Debug|x86.ActiveCfg = Debug|Win32
		{9ADAB5A9-6D08-41DA-B3B0-5116344F79FA}.Debug|x86.Build.0 = Debug|Win32
		{9ADAB5A9-6D08-41DA-B3B0-5116344F79FA}.Release|x64.ActiveCfg = Release|x64
		{9ADAB5A9-6D08-41DA-B3B0-5116344F79FA}.Release|x64.Build.0 = Release|x64
		{9ADAB5A9-6D08-41DA-B3B0-5116344F79FA}.Release|x86.ActiveCfg = Release|Win32
		{9ADAB5A9-6D08-41DA-B3B0-5116344F79FA}.Release|x86.Build.0 = Release|Win32
		{0F2AA7CD-E205-49AD-85B1-88D89335E1E7}.Debug|x64.ActiveCfg = Debug|x64
		{0F2AA7CD-E205-49AD-85B1-88D89335E1E7}.Debug|x64.Build.0 = Debug|x64
		{0F2AA7CD-E205-49AD-85B1-88D89335E1E7}.Debug|x86.ActiveCfg = Debug|Win32
		{0F2AA7CD-E205-49AD-85B1-88D89335E1E7}.Debug|x86.Build.0 = Debug|Win32
		{0F2AA7CD-E205-49AD-85B1-88D89335E1E7}.Release|x64.ActiveCfg = Release|x64
		{0F2AA7CD-E205-49AD-85B1-88D89335E1E7}.Release|x64.Build.0 = Release|x64
		{0F2AA7CD-E205-49AD-85B1-88D89335E1E7}.Release|x86.ActiveCfg = Release|Win32
		{0F2AA7CD-E205-49AD-85B1-88D89335E1E7}.Release|x86.Build.0 = Release|Win32
		{4A519438-767F-45B6-95CA-0844DAB45918}.Debug|x64.ActiveCfg = Debug|x64
		{4A519438-767F-45B6-95CA-0844DAB45918}.Debug|x64.Build.0 = Debug|x64
		{4A519438-767F-45B6-95CA-0844DAB45918}.Debug|x86.ActiveCfg = Debug|Win32
		{4A519438-767F-45B6-95CA-0844DAB45918}.Debug|x86.Build.0 = Debug|Win32
		{4A519438-767F-45B6-95CA-0844DAB45918}.Release|x64.ActiveCfg = Release|x64
		{4A519438-767F-45B6-95CA-0844DAB45918}.Release|x64.Build.0 = Release|x64
		{4A519438-767F-45B6-95CA-0844DAB45918}.Release|x86.ActiveCfg = Release|Win32
		{4A519438-767F-45B6-95CA-0844DAB45918}.Release|x86.Build.0 = Release|Win32
		{CB010E1D-F724-414D-B299-DDA7A7C5ADDD}.Debug|x64.ActiveCfg = Debug|x64
		{CB010E1D-F724-414D-B299-DDA7A7C5ADDD}.Debug|x64.Build.0 = Debug|x64
		{CB010E1D-F724-414D-B299-DDA7A7C5ADDD}.Debug|x86.ActiveCfg = Debug|Win32
		{CB010E1D-F724-414D-B299-DDA7A7C5ADDD}.Debug|x86.Build.0 = Debug|Win32
		{CB010E1D-F724-414D-B299-DDA7A7C5ADDD}.Release|x64.ActiveCfg = Release|x64
		{CB010E1D-F724-414D-B299-DDA7A7C5ADDD}.Release|x64.Build.0 = Release|x64
		{CB010E1D-F724-414D-B299-DDA7A7C5ADDD}.Release|x86.ActiveCfg = Release|Win32
		{CB010E1D-F724-414D-B299-DDA7A7C5ADDD}.Release|x86.Build.0 = Release|Win32
		{2A0276B9-7ED9-43FD-B6A7-D9789E7F2793}.Debug|x64.ActiveCfg = Debug|x64
		{2A0276B9-7ED9-43FD-B6A7-D9789E7F2793}.Debug|x64.Build.0 = Debug|x64
		{2A0276B9-7ED9-43FD-B6A7-D9789E7F2793}.Debug|x86.ActiveCfg = Debug|Win32
		{2A0276B9-7ED9-43FD-B6A7-D9789E7F2793}.Debug|x86.Build.0 = Debug|Win32
		{2A0276B9-7ED9-43FD-B6A7-D9789E7F2793}.Release|x64.ActiveCfg = Release|x64
		{2A0276B9-7ED9-43FD-B6A7-D9789E7F2793}.Release|x64.Build.0 = Release|x64
		{2A0276B9-7ED9-43FD-B6A7-D9789E7F2793}.Release|x86.ActiveCfg = Release|Win32
		{2A0276B9-7ED9-43FD-B6A7-D9789E7F2793}.Release|x86.Build.0 = Release|Win32
		{0A81BBEB-9A3E-4E4A-BB24-4D720AD4322C}.Debug|x64.ActiveCfg = Debug|x64
		{0A81BBEB-9A3E-4E4A-BB24-4D720AD4322C}.Debug|x64.Build.0 = Debug|x64
		{0A81BBEB-9A3E-4E4A-BB24-4D720AD4322C}.Debug|x86.ActiveCfg = Debug|Win32
		{0A81BBEB-9A3E-4E4A-BB24-4D720AD4322C}.Debug|x86.Build.0 = Debug|Win32
		{0A81BBEB-9A3E-4E4A-BB24-4D720AD4322C}.Release|x64.ActiveCfg = Release|x64
		{0A81BBEB-9A3E-4E4A-BB24-4D720AD4322C}.Release|x64.Build.0 = Release|x64
		{0A81BBEB-9A3E-4E4A-BB24-4D720AD4322C}.Release|x86.ActiveCfg = Release|Win32
		{0A81BBEB-9A3E-4E4A-BB24-4D720AD4322C}.Release|x86.Build.0 = Release|Win32
		{F6EA797D-3ACF-4D56-AC8C-092AE09F13C0}.Debug|x64.ActiveCfg = Debug|x64
		{F6EA797D-3ACF-4D56-AC8C-092AE09F13C0}.Debug|x64.Build.0 = Debug|x64
		{F6EA797D-3ACF-4D56-AC8C-092AE09F13C0}.Debug|x86.ActiveCfg = Debug|Win32
		{F6EA797D-3ACF-4D56-AC8C-092AE09F13C0}.Debug|x86.Build.0 = Debug|Win32
		{F6EA797D-3ACF-4D56-AC8C-092AE09F13C0}.Release|x64.ActiveCfg = Release|x64
		{F6EA797D-3ACF-4D56-AC8C-092AE09F13C0}.Release|x64.Build.0 = Release|x64
		{F6EA797D-3ACF-4D56-AC8C-092AE09F13C0}.Release|x86.ActiveCfg = Release|Win32
		{F6EA797D-3ACF-4D56-AC8C-092AE09F13C0}.Release|x86.Build.0 = Release|Win32
		{C4A51114-03A8-4B31-B212-2E621A58F34C}.Debug|x64.ActiveCfg = Debug|x64
		{C4A51114-03A8-4B31-B212-2E621A58F34C}.Debug|x64.Build.0 = Debug|x64
		{C4A51114-03A8-4B31-B212-2E621A58F34C}.Debug|x86.ActiveCfg = Debug|Win32
		{C4A51114-03A8-4B31-B212-2E621A58F34C}.Debug|x86.Build.0 = Debug|Win32
		{C4A51114-03A8-4B31-B212-2E621A58F34C}.Release|x64.ActiveCfg = Release|x64
		{C4A51114-03A8-4B31-B212-2E621A58F34C}.Release|x64.Build.0 = Release|x64
		{C4A51114-03A8-4B31-B212-2E621A58F34C}.Release|x86.ActiveCfg = Release|Win32
		{C4A51114-03A8-4B31-B212-2E621A58F34C}.Release|x86.Build.0 = Release|Win32
		{1EA1E804-7BFE-4EF1-8CC0-079EFB3BBFDE}.Debug|x64.ActiveCfg = Debug|x64
		{1EA1E804-7BFE-4EF1-8CC0-079EFB3BBFDE}.Debug|x64.Build.0 = Debug|x64
		{1EA1E804-7BFE-4EF1-8CC0-079EFB3BBFDE}.Debug|x86.ActiveCfg = Debug|Win32
		{1EA1E804-7BFE-4EF1-8CC0-079EFB3BBFDE}.Debug|x86.Build.0 = Debug|Win32
		{1EA1E804-7BFE-4EF1-8CC0-079EFB3BBFDE}.Release|x64.ActiveCfg = Release|x64
		{1EA1E804-7BFE-4EF1-8CC0-079EFB3BBFDE}.Release|x64.Build.0 = Release|x64
		{1EA1E804-7BFE-4EF1-8CC0-079EFB3BBFDE}.Release|x86.ActiveCfg = Release|Win32
		{1EA1E804-7BFE-4EF1-8CC0-079EFB3BBFDE}.Release|x86.Build.0 = Release|Win32
		{927A7E45-8ABB-45EF-B8C5-2FE6B97F0331}.Debug|x64.ActiveCfg = Debug|x64
		{927A7E45-8ABB-45EF-B8C5-2FE6B97F0331}.Debug|x64.Build.0 = Debug|x64
		{927A7E45-8ABB-45EF-B8C5-2FE6B97F0331}.Debug|x86.ActiveCfg = Debug|Win32
		{927A7E45-8ABB-45EF-B8C5-2FE6B97F0331}.Debug|x86.Build.0 = Debug|Win32
		{927A7E45-8ABB-45EF-B8C5-2FE6B97F0331}.Release|x64.ActiveCfg = Release|x64
		{927A7E45-8ABB-45EF-B8C5-2FE6B97F0331}.Release|x64.Build.0 = Release|x64
		{927A7E45-8ABB-45EF-B8C5-2FE6B97F0331}.Release|x86.ActiveCfg = Release|Win32
		{927A7E45-8ABB-45EF-B8C5-2FE6B97F0331}.Release|x86.Build.0 = Release|Win32
		{0166661F-CED9-4A16-9321-50ECAA4DC13B}.Debug|x64.ActiveCfg = Debug|x64
		{0166661F-CED9-4A16-9321-50ECAA4DC13B}.Debug|x64.Build.0 = Debug|x64
		{0166661F-CED9-4A16-9321-50ECAA4DC13B}.Debug|x86.ActiveCfg = Debug|Win32
		{0166661F-CED9-4A16-9321-50ECAA4DC13B}.Debug|x86.Build.0 = Debug|Win32
		{0166661F-CED9-4A16-9321-50ECAA4DC13B}.Release|x64.ActiveCfg = Release|x64
		{0166661F-CED9-4A16-9321-50ECAA4DC13B}.Release|x64.Build.0 = Release|x64
		{0166661F-CED9-4A16-9321-50ECAA4DC13B}.Release|x86.ActiveCfg = Release|Win32
		{0166661F-CED9-4A16-9321-50ECAA4DC13B}.Release|x86.Build.0 = Release|Win32
		{1FAE1FC6-1066-437C-B05B-D77C55885D75}.Debug|x64.ActiveCfg = Debug|x64
		{1FAE1FC6-1066-437C-B05B-D77C55885D75}.Debug|x64.Build.0 = Debug|x64
		{1FAE1FC6-1066-437C-B05B-D77C55885D75}.Debug|x86.ActiveCfg = Debug|Win32
		{1FAE1FC6-1066-437C-B05B-D77C55885D75}.Debug|x86.Build.0 = Debug|Win32
		{1FAE1FC6-1066-437C-B05B-D77C55885D75}.Release|x64.ActiveCfg = Release|x64
		{1FAE1FC6-1066-437C-B05B-D77C55885D75}.Release|x64.Build.0 = Release|x64
		{1FAE1FC6-1066-437C-B05B-D77C55885D75}.Release|x86.ActiveCfg = Release|Win32
		{1FAE1FC6-1066-437C-B05B-D77C55885D75}.Release|x86.Build.0 = Release|Win32
		{CC5E4226-DCE1-4228-B7E0-8F7D9089419F}.Debug|x64.ActiveCfg = Debug|x64
		{CC5E4226-DCE1-4228-B7E0-8F7D9089419F}.Debug|x64.Build.0 = Debug|x64
		{CC5E4226-DCE1-4228-B7E0-8F7D9089419F}.Debug|x86.ActiveCfg = Debug|Win32
		{CC5E4226-DCE1-4228-B7E0-8F7D9089419F}.Debug|x86.Build.0 = Debug|Win32
		{CC5E4226-DCE1-4228-B7E0-8F7D9089419F}.Release|x64.ActiveCfg = Release|x64
		{CC5E4226-DCE1-4228-B7E0-8F7D9089419F}.Release|x64.Build.0 = Release|x64
		{CC5E4226-DCE1-4228-B7E0-8F7D9089419F}.Release|x86.ActiveCfg = Release|Win32
		{CC5E4226-DCE1-4228-B7E0-8F7D9089419F}.Release|x86.Build.0 = Release|Win32
		{C501216F-2FF6-4E68-9639-30B01691408A}.Debug|x64.ActiveCfg = Debug|x64
		{C501216F-2FF6-4E68-9639-30B01691408A}.Debug|x64.Build.0 = Debug|x64
		{C501216F-2FF6-4E68-9639-30B01691408A}.Debug|x86.ActiveCfg = Debug|Win32
		{C501216F-2FF6-4E68-9639-30B01691408A}.Debug|x86.Build.0 = Debug|Win32
		{C501216F-2FF6-4E68-9639-30B01691408A}.Release|x64.ActiveCfg = Release|x64
		{C501216F-2FF6-4E68-9639-30B01691408A}.Release|x64.Build.0 = Release|x64
		{C501216F-2FF6-4E68-9639-30B01691408A}.Release|x86.ActiveCfg = Release|Win32
		{C501216F-2FF6-4E68-9639-30B01691408A}.Release|x86.Build.0 = Release|Win32
	EndGlobalSection
	GlobalSection(SolutionProperties) = preSolution
		HideSolutionNode = FALSE
	EndGlobalSection
	GlobalSection(NestedProjects) = preSolution
		{BA76078F-B133-489C-BF20-5066B87591D5} = {940BA363-D6C3-4811-8A11-8B90335555C8}
		{C53BA439-5F64-45F4-A903-DB7940093392} = {BA76078F-B133-489C-BF20-5066B87591D5}
		{DE14B652-7705-47F5-88B2-F3C8A22EF078} = {BA76078F-B133-489C-BF20-5066B87591D5}
		{094BE062-FC76-4A90-922A-E2B62513FE20} = {BA76078F-B133-489C-BF20-5066B87591D5}
		{1970DFA9-23DF-40A0-8EA1-AD9AB463A982} = {BA76078F-B133-489C-BF20-5066B87591D5}
		{21062B7F-941E-485F-A3A7-C8E258698E76} = {BA76078F-B133-489C-BF20-5066B87591D5}
		{FC803E45-A157-4892-B599-3C75DD2F9219} = {BA76078F-B133-489C-BF20-5066B87591D5}
		{4E5B0C1E-03BC-4530-B51E-4AFA4864EC3B} = {BA76078F-B133-489C-BF20-5066B87591D5}
		{D00BDCE5-C3BD-486B-8C3D-47635480CE45} = {BA76078F-B133-489C-BF20-5066B87591D5}
		{D56D043B-8285-4FFE-85EA-E2558FE1D923} = {BA76078F-B133-489C-BF20-5066B87591D5}
		{2F7CC182-7CF3-41C4-913E-19DBD6768881} = {BA76078F-B133-489C-BF20-5066B87591D5}
		{6BA600C7-58C2-48B7-9276-0C06C10163B1} = {BA76078F-B133-489C-BF20-5066B87591D5}
		{38AE0219-550C-48FD-B4D7-C106C1FD925A} = {BA76078F-B133-489C-BF20-5066B87591D5}
		{35EC0B4A-85B8-407D-9131-672C15D22D08} = {BA76078F-B133-489C-BF20-5066B87591D5}
		{DD2ABFF3-546E-4E48-8368-CA5B74E33827} = {BA76078F-B133-489C-BF20-5066B87591D5}
		{AECC0374-6300-4239-A2A4-33B5C9CF2404} = {BA76078F-B133-489C-BF20-5066B87591D5}
		{01942739-3506-4A86-8067-E79B2072F067} = {BA76078F-B133-489C-BF20-5066B87591D5}
		{9ADAB5A9-6D08-41DA-B3B0-5116344F79FA} = {BA76078F-B133-489C-BF20-5066B87591D5}
		{420B3C7E-162B-4BD5-A82F-9B88060F3D55} = {42558F86-9C58-462A-96E3-A0156CDE478A}
		{0F2AA7CD-E205-49AD-85B1-88D89335E1E7} = {420B3C7E-162B-4BD5-A82F-9B88060F3D55}
		{4A519438-767F-45B6-95CA-0844DAB45918} = {420B3C7E-162B-4BD5-A82F-9B88060F3D55}
		{A4B4B2FA-EA94-45E0-97C1-9509B4D85C1E} = {F0B1657D-8207-4F02-B8C0-40262AF87A7D}
		{CB010E1D-F724-414D-B299-DDA7A7C5ADDD} = {A4B4B2FA-EA94-45E0-97C1-9509B4D85C1E}
		{2A0276B9-7ED9-43FD-B6A7-D9789E7F2793} = {A4B4B2FA-EA94-45E0-97C1-9509B4D85C1E}
		{0A81BBEB-9A3E-4E4A-BB24-4D720AD4322C} = {420B3C7E-162B-4BD5-A82F-9B88060F3D55}
		{F6EA797D-3ACF-4D56-AC8C-092AE09F13C0} = {420B3C7E-162B-4BD5-A82F-9B88060F3D55}
		{C4A51114-03A8-4B31-B212-2E621A58F34C} = {420B3C7E-162B-4BD5-A82F-9B88060F3D55}
		{1EA1E804-7BFE-4EF1-8CC0-079EFB3BBFDE} = {420B3C7E-162B-4BD5-A82F-9B88060F3D55}
		{927A7E45-8ABB-45EF-B8C5-2FE6B97F0331} = {420B3C7E-162B-4BD5-A82F-9B88060F3D55}
		{0166661F-CED9-4A16-9321-50ECAA4DC13B} = {420B3C7E-162B-4BD5-A82F-9B88060F3D55}
		{1FAE1FC6-1066-437C-B05B-D77C55885D75} = {420B3C7E-162B-4BD5-A82F-9B88060F3D55}
		{CC5E4226-DCE1-4228-B7E0-8F7D9089419F} = {420B3C7E-162B-4BD5-A82F-9B88060F3D55}
		{C501216F-2FF6-4E68-9639-30B01691408A} = {420B3C7E-162B-4BD5-A82F-9B88060F3D55}
	EndGlobalSection
EndGlobal
